
Microsoft Visual Studio Solution File, Format Version 12.00
# Visual Studio Version 16
VisualStudioVersion = 25.0.1706.5
MinimumVisualStudioVersion = 10.0.40219.1
Project("{FAE04EC0-301F-11D3-BF4B-00C04F79EFBC}") = "laborotornaya rabota 3", "laborotornaya rabota 3.csproj", "{042D62E8-DCC4-4C84-987A-B8FBB8F5E1B2}"
EndProject
Global
	GlobalSection(SolutionConfigurationPlatforms) = preSolution
		Debug|Any CPU = Debug|Any CPU
		Release|Any CPU = Release|Any CPU
	EndGlobalSection
	GlobalSection(ProjectConfigurationPlatforms) = postSolution
		{042D62E8-DCC4-4C84-987A-B8FBB8F5E1B2}.Debug|Any CPU.ActiveCfg = Debug|Any CPU
		{042D62E8-DCC4-4C84-987A-B8FBB8F5E1B2}.Debug|Any CPU.Build.0 = Debug|Any CPU
		{042D62E8-DCC4-4C84-987A-B8FBB8F5E1B2}.Release|Any CPU.ActiveCfg = Release|Any CPU
		{042D62E8-DCC4-4C84-987A-B8FBB8F5E1B2}.Release|Any CPU.Build.0 = Release|Any CPU
	EndGlobalSection
	GlobalSection(SolutionProperties) = preSolution
		HideSolutionNode = FALSE
	EndGlobalSection
	GlobalSection(ExtensibilityGlobals) = postSolution
		SolutionGuid = {462E38B8-8AF1-4B42-BC73-C20BA80B7E4F}
	EndGlobalSection
EndGlobal
