
Microsoft Visual Studio Solution File, Format Version 12.00
# Visual Studio Version 16
VisualStudioVersion = 25.0.1706.4
MinimumVisualStudioVersion = 10.0.40219.1
Project("{FAE04EC0-301F-11D3-BF4B-00C04F79EFBC}") = "laborotornaya rabota", "laborotornaya rabota\laborotornaya rabota.csproj", "{5EBF72FF-A3CC-4FB7-A080-AB9C3A61E235}"
EndProject
Global
	GlobalSection(SolutionConfigurationPlatforms) = preSolution
		Debug|Any CPU = Debug|Any CPU
		Release|Any CPU = Release|Any CPU
	EndGlobalSection
	GlobalSection(ProjectConfigurationPlatforms) = postSolution
		{5EBF72FF-A3CC-4FB7-A080-AB9C3A61E235}.Debug|Any CPU.ActiveCfg = Debug|Any CPU
		{5EBF72FF-A3CC-4FB7-A080-AB9C3A61E235}.Debug|Any CPU.Build.0 = Debug|Any CPU
		{5EBF72FF-A3CC-4FB7-A080-AB9C3A61E235}.Release|Any CPU.ActiveCfg = Release|Any CPU
		{5EBF72FF-A3CC-4FB7-A080-AB9C3A61E235}.Release|Any CPU.Build.0 = Release|Any CPU
	EndGlobalSection
	GlobalSection(SolutionProperties) = preSolution
		HideSolutionNode = FALSE
	EndGlobalSection
	GlobalSection(ExtensibilityGlobals) = postSolution
		SolutionGuid = {0CFB743C-BE5D-438C-8101-B40CC51B4D0B}
	EndGlobalSection
EndGlobal
