
Microsoft Visual Studio Solution File, Format Version 12.00
# Visual Studio Version 16
VisualStudioVersion = 25.0.1706.5
MinimumVisualStudioVersion = 10.0.40219.1
Project("{FAE04EC0-301F-11D3-BF4B-00C04F79EFBC}") = "laborotornaya rabota 3", "laborotornaya rabota 3\laborotornaya rabota 3.csproj", "{DFBCBB2B-FF20-46A1-B677-C91DF25E3CB4}"
EndProject
Global
	GlobalSection(SolutionConfigurationPlatforms) = preSolution
		Debug|Any CPU = Debug|Any CPU
		Release|Any CPU = Release|Any CPU
	EndGlobalSection
	GlobalSection(ProjectConfigurationPlatforms) = postSolution
		{DFBCBB2B-FF20-46A1-B677-C91DF25E3CB4}.Debug|Any CPU.ActiveCfg = Debug|Any CPU
		{DFBCBB2B-FF20-46A1-B677-C91DF25E3CB4}.Debug|Any CPU.Build.0 = Debug|Any CPU
		{DFBCBB2B-FF20-46A1-B677-C91DF25E3CB4}.Release|Any CPU.ActiveCfg = Release|Any CPU
		{DFBCBB2B-FF20-46A1-B677-C91DF25E3CB4}.Release|Any CPU.Build.0 = Release|Any CPU
	EndGlobalSection
	GlobalSection(SolutionProperties) = preSolution
		HideSolutionNode = FALSE
	EndGlobalSection
	GlobalSection(ExtensibilityGlobals) = postSolution
		SolutionGuid = {3EB00782-FDEF-49AC-9776-842568DE8478}
	EndGlobalSection
EndGlobal
